
Microsoft Visual Studio Solution File, Format Version 12.00
# Visual Studio Version 17
VisualStudioVersion = 17.6.33723.286
MinimumVisualStudioVersion = 10.0.40219.1
Project("{FAE04EC0-301F-11D3-BF4B-00C04F79EFBC}") = "DesignUndergroundSystem", "DesignUndergroundSystem.csproj", "{C9122303-459A-40CF-B0DF-1AC33098AF48}"
EndProject
Global
	GlobalSection(SolutionConfigurationPlatforms) = preSolution
		Debug|Any CPU = Debug|Any CPU
		Release|Any CPU = Release|Any CPU
	EndGlobalSection
	GlobalSection(ProjectConfigurationPlatforms) = postSolution
		{C9122303-459A-40CF-B0DF-1AC33098AF48}.Debug|Any CPU.ActiveCfg = Debug|Any CPU
		{C9122303-459A-40CF-B0DF-1AC33098AF48}.Debug|Any CPU.Build.0 = Debug|Any CPU
		{C9122303-459A-40CF-B0DF-1AC33098AF48}.Release|Any CPU.ActiveCfg = Release|Any CPU
		{C9122303-459A-40CF-B0DF-1AC33098AF48}.Release|Any CPU.Build.0 = Release|Any CPU
	EndGlobalSection
	GlobalSection(SolutionProperties) = preSolution
		HideSolutionNode = FALSE
	EndGlobalSection
	GlobalSection(ExtensibilityGlobals) = postSolution
		SolutionGuid = {86E6011E-3CE3-4DDF-87C8-752341E3D99A}
	EndGlobalSection
EndGlobal
